
Microsoft Visual Studio Solution File, Format Version 12.00
# Visual Studio Version 16
VisualStudioVersion = 16.0.29911.84
MinimumVisualStudioVersion = 10.0.40219.1
Project("{FAE04EC0-301F-11D3-BF4B-00C04F79EFBC}") = "GameLibrary", "GameLibrary\GameLibrary.csproj", "{A32B4CC1-709C-4ACD-B171-6ED345247418}"
EndProject
Project("{FAE04EC0-301F-11D3-BF4B-00C04F79EFBC}") = "WebAPIserver", "WebAPIserver\WebAPIserver.csproj", "{6656F4D2-8EE2-40E9-BB54-886BA1438AB4}"
EndProject
Project("{FAE04EC0-301F-11D3-BF4B-00C04F79EFBC}") = "WebAPIclient2", "WebAPIclient2\WebAPIclient2.csproj", "{7815AB6B-7B99-4BA4-9082-D02E74D6E7A9}"
EndProject
Global
	GlobalSection(SolutionConfigurationPlatforms) = preSolution
		Debug|Any CPU = Debug|Any CPU
		Release|Any CPU = Release|Any CPU
	EndGlobalSection
	GlobalSection(ProjectConfigurationPlatforms) = postSolution
		{A32B4CC1-709C-4ACD-B171-6ED345247418}.Debug|Any CPU.ActiveCfg = Debug|Any CPU
		{A32B4CC1-709C-4ACD-B171-6ED345247418}.Debug|Any CPU.Build.0 = Debug|Any CPU
		{A32B4CC1-709C-4ACD-B171-6ED345247418}.Release|Any CPU.ActiveCfg = Release|Any CPU
		{A32B4CC1-709C-4ACD-B171-6ED345247418}.Release|Any CPU.Build.0 = Release|Any CPU
		{6656F4D2-8EE2-40E9-BB54-886BA1438AB4}.Debug|Any CPU.ActiveCfg = Debug|Any CPU
		{6656F4D2-8EE2-40E9-BB54-886BA1438AB4}.Debug|Any CPU.Build.0 = Debug|Any CPU
		{6656F4D2-8EE2-40E9-BB54-886BA1438AB4}.Release|Any CPU.ActiveCfg = Release|Any CPU
		{6656F4D2-8EE2-40E9-BB54-886BA1438AB4}.Release|Any CPU.Build.0 = Release|Any CPU
		{7815AB6B-7B99-4BA4-9082-D02E74D6E7A9}.Debug|Any CPU.ActiveCfg = Debug|Any CPU
		{7815AB6B-7B99-4BA4-9082-D02E74D6E7A9}.Debug|Any CPU.Build.0 = Debug|Any CPU
		{7815AB6B-7B99-4BA4-9082-D02E74D6E7A9}.Release|Any CPU.ActiveCfg = Release|Any CPU
		{7815AB6B-7B99-4BA4-9082-D02E74D6E7A9}.Release|Any CPU.Build.0 = Release|Any CPU
	EndGlobalSection
	GlobalSection(SolutionProperties) = preSolution
		HideSolutionNode = FALSE
	EndGlobalSection
	GlobalSection(ExtensibilityGlobals) = postSolution
		SolutionGuid = {978DC9AA-9E92-4DB5-973B-3821B04E5FD0}
	EndGlobalSection
EndGlobal
